// !$*UTF8*$!
{
	archiveVersion = 1;
	classes = {
	};
	objectVersion = 56;
	objects = {

/* Begin PBXBuildFile section */
		ED8CC54B2B1A3979009F4986 /* main.cpp in Sources */ = {isa = PBXBuildFile; fileRef = ED8CC54A2B1A3979009F4986 /* main.cpp */; };
		ED8CC5562B1A4AB3009F4986 /* _1_tests.mm in Sources */ = {isa = PBXBuildFile; fileRef = ED8CC5552B1A4AB3009F4986 /* _1_tests.mm */; };
		ED8CC55E2B1A4AEA009F4986 /* day01.cpp in Sources */ = {isa = PBXBuildFile; fileRef = ED8CC55C2B1A4AEA009F4986 /* day01.cpp */; };
		ED8CC55F2B1A4B17009F4986 /* day01.cpp in Sources */ = {isa = PBXBuildFile; fileRef = ED8CC55C2B1A4AEA009F4986 /* day01.cpp */; };
		ED8CC5642B1A4E16009F4986 /* common.cpp in Sources */ = {isa = PBXBuildFile; fileRef = ED8CC5622B1A4E16009F4986 /* common.cpp */; };
		ED8CC5652B1A50D5009F4986 /* common.cpp in Sources */ = {isa = PBXBuildFile; fileRef = ED8CC5622B1A4E16009F4986 /* common.cpp */; };
		ED8CC5662B1A512F009F4986 /* inputs in Resources */ = {isa = PBXBuildFile; fileRef = ED8CC5602B1A4DB0009F4986 /* inputs */; };
/* End PBXBuildFile section */

/* Begin PBXCopyFilesBuildPhase section */
		ED8CC5462B1A3979009F4986 /* CopyFiles */ = {
			isa = PBXCopyFilesBuildPhase;
			buildActionMask = 2147483647;
			dstPath = /usr/share/man/man1/;
			dstSubfolderSpec = 0;
			files = (
			);
			runOnlyForDeploymentPostprocessing = 1;
		};
/* End PBXCopyFilesBuildPhase section */

/* Begin PBXFileReference section */
		ED8CC5482B1A3979009F4986 /* 01 */ = {isa = PBXFileReference; explicitFileType = "compiled.mach-o.executable"; includeInIndex = 0; path = 01; sourceTree = BUILT_PRODUCTS_DIR; };
		ED8CC54A2B1A3979009F4986 /* main.cpp */ = {isa = PBXFileReference; lastKnownFileType = sourcecode.cpp.cpp; path = main.cpp; sourceTree = "<group>"; };
		ED8CC5532B1A4AB3009F4986 /* 01-tests.xctest */ = {isa = PBXFileReference; explicitFileType = wrapper.cfbundle; includeInIndex = 0; path = "01-tests.xctest"; sourceTree = BUILT_PRODUCTS_DIR; };
		ED8CC5552B1A4AB3009F4986 /* _1_tests.mm */ = {isa = PBXFileReference; lastKnownFileType = sourcecode.cpp.objcpp; path = _1_tests.mm; sourceTree = "<group>"; };
		ED8CC55C2B1A4AEA009F4986 /* day01.cpp */ = {isa = PBXFileReference; lastKnownFileType = sourcecode.cpp.cpp; path = day01.cpp; sourceTree = "<group>"; };
		ED8CC55D2B1A4AEA009F4986 /* day01.hpp */ = {isa = PBXFileReference; lastKnownFileType = sourcecode.cpp.h; path = day01.hpp; sourceTree = "<group>"; };
		ED8CC5602B1A4DB0009F4986 /* inputs */ = {isa = PBXFileReference; lastKnownFileType = folder; path = inputs; sourceTree = "<group>"; };
		ED8CC5622B1A4E16009F4986 /* common.cpp */ = {isa = PBXFileReference; lastKnownFileType = sourcecode.cpp.cpp; path = common.cpp; sourceTree = "<group>"; };
		ED8CC5632B1A4E16009F4986 /* common.hpp */ = {isa = PBXFileReference; lastKnownFileType = sourcecode.cpp.h; path = common.hpp; sourceTree = "<group>"; };
/* End PBXFileReference section */

/* Begin PBXFrameworksBuildPhase section */
		ED8CC5452B1A3979009F4986 /* Frameworks */ = {
			isa = PBXFrameworksBuildPhase;
			buildActionMask = 2147483647;
			files = (
			);
			runOnlyForDeploymentPostprocessing = 0;
		};
		ED8CC5502B1A4AB3009F4986 /* Frameworks */ = {
			isa = PBXFrameworksBuildPhase;
			buildActionMask = 2147483647;
			files = (
			);
			runOnlyForDeploymentPostprocessing = 0;
		};
/* End PBXFrameworksBuildPhase section */

/* Begin PBXGroup section */
		ED8CC5262B1A3801009F4986 = {
			isa = PBXGroup;
			children = (
				ED8CC5612B1A4E02009F4986 /* common */,
				ED8CC5602B1A4DB0009F4986 /* inputs */,
				ED8CC5492B1A3979009F4986 /* 01 */,
				ED8CC5542B1A4AB3009F4986 /* 01-tests */,
				ED8CC5302B1A3801009F4986 /* Products */,
			);
			sourceTree = "<group>";
		};
		ED8CC5302B1A3801009F4986 /* Products */ = {
			isa = PBXGroup;
			children = (
				ED8CC5482B1A3979009F4986 /* 01 */,
				ED8CC5532B1A4AB3009F4986 /* 01-tests.xctest */,
			);
			name = Products;
			sourceTree = "<group>";
		};
		ED8CC5492B1A3979009F4986 /* 01 */ = {
			isa = PBXGroup;
			children = (
				ED8CC54A2B1A3979009F4986 /* main.cpp */,
				ED8CC55C2B1A4AEA009F4986 /* day01.cpp */,
				ED8CC55D2B1A4AEA009F4986 /* day01.hpp */,
			);
			path = 01;
			sourceTree = "<group>";
		};
		ED8CC5542B1A4AB3009F4986 /* 01-tests */ = {
			isa = PBXGroup;
			children = (
				ED8CC5552B1A4AB3009F4986 /* _1_tests.mm */,
			);
			path = "01-tests";
			sourceTree = "<group>";
		};
		ED8CC5612B1A4E02009F4986 /* common */ = {
			isa = PBXGroup;
			children = (
				ED8CC5622B1A4E16009F4986 /* common.cpp */,
				ED8CC5632B1A4E16009F4986 /* common.hpp */,
			);
			path = common;
			sourceTree = "<group>";
		};
/* End PBXGroup section */

/* Begin PBXNativeTarget section */
		ED8CC5472B1A3979009F4986 /* 01 */ = {
			isa = PBXNativeTarget;
			buildConfigurationList = ED8CC54E2B1A3979009F4986 /* Build configuration list for PBXNativeTarget "01" */;
			buildPhases = (
				ED8CC5442B1A3979009F4986 /* Sources */,
				ED8CC5452B1A3979009F4986 /* Frameworks */,
				ED8CC5462B1A3979009F4986 /* CopyFiles */,
			);
			buildRules = (
			);
			dependencies = (
			);
			name = 01;
			productName = 01;
			productReference = ED8CC5482B1A3979009F4986 /* 01 */;
			productType = "com.apple.product-type.tool";
		};
		ED8CC5522B1A4AB3009F4986 /* 01-tests */ = {
			isa = PBXNativeTarget;
			buildConfigurationList = ED8CC5572B1A4AB3009F4986 /* Build configuration list for PBXNativeTarget "01-tests" */;
			buildPhases = (
				ED8CC54F2B1A4AB3009F4986 /* Sources */,
				ED8CC5502B1A4AB3009F4986 /* Frameworks */,
				ED8CC5512B1A4AB3009F4986 /* Resources */,
			);
			buildRules = (
			);
			dependencies = (
			);
			name = "01-tests";
			productName = "01-tests";
			productReference = ED8CC5532B1A4AB3009F4986 /* 01-tests.xctest */;
			productType = "com.apple.product-type.bundle.unit-test";
		};
/* End PBXNativeTarget section */

/* Begin PBXProject section */
		ED8CC5272B1A3801009F4986 /* Project object */ = {
			isa = PBXProject;
			attributes = {
				BuildIndependentTargetsInParallel = 1;
				LastUpgradeCheck = 1500;
				TargetAttributes = {
					ED8CC5472B1A3979009F4986 = {
						CreatedOnToolsVersion = 15.0.1;
					};
					ED8CC5522B1A4AB3009F4986 = {
						CreatedOnToolsVersion = 15.0.1;
					};
				};
			};
			buildConfigurationList = ED8CC52A2B1A3801009F4986 /* Build configuration list for PBXProject "2023" */;
			compatibilityVersion = "Xcode 14.0";
			developmentRegion = en;
			hasScannedForEncodings = 0;
			knownRegions = (
				en,
				Base,
			);
			mainGroup = ED8CC5262B1A3801009F4986;
			productRefGroup = ED8CC5302B1A3801009F4986 /* Products */;
			projectDirPath = "";
			projectRoot = "";
			targets = (
				ED8CC5472B1A3979009F4986 /* 01 */,
				ED8CC5522B1A4AB3009F4986 /* 01-tests */,
			);
		};
/* End PBXProject section */

/* Begin PBXResourcesBuildPhase section */
		ED8CC5512B1A4AB3009F4986 /* Resources */ = {
			isa = PBXResourcesBuildPhase;
			buildActionMask = 2147483647;
			files = (
				ED8CC5662B1A512F009F4986 /* inputs in Resources */,
			);
			runOnlyForDeploymentPostprocessing = 0;
		};
/* End PBXResourcesBuildPhase section */

/* Begin PBXSourcesBuildPhase section */
		ED8CC5442B1A3979009F4986 /* Sources */ = {
			isa = PBXSourcesBuildPhase;
			buildActionMask = 2147483647;
			files = (
				ED8CC54B2B1A3979009F4986 /* main.cpp in Sources */,
				ED8CC5642B1A4E16009F4986 /* common.cpp in Sources */,
				ED8CC55E2B1A4AEA009F4986 /* day01.cpp in Sources */,
			);
			runOnlyForDeploymentPostprocessing = 0;
		};
		ED8CC54F2B1A4AB3009F4986 /* Sources */ = {
			isa = PBXSourcesBuildPhase;
			buildActionMask = 2147483647;
			files = (
				ED8CC5562B1A4AB3009F4986 /* _1_tests.mm in Sources */,
				ED8CC5652B1A50D5009F4986 /* common.cpp in Sources */,
				ED8CC55F2B1A4B17009F4986 /* day01.cpp in Sources */,
			);
			runOnlyForDeploymentPostprocessing = 0;
		};
/* End PBXSourcesBuildPhase section */

/* Begin XCBuildConfiguration section */
		ED8CC5342B1A3801009F4986 /* Debug */ = {
			isa = XCBuildConfiguration;
			buildSettings = {
				ALWAYS_SEARCH_USER_PATHS = NO;
				ASSETCATALOG_COMPILER_GENERATE_SWIFT_ASSET_SYMBOL_EXTENSIONS = YES;
				CLANG_ANALYZER_NONNULL = YES;
				CLANG_ANALYZER_NUMBER_OBJECT_CONVERSION = YES_AGGRESSIVE;
				CLANG_CXX_LANGUAGE_STANDARD = "gnu++20";
				CLANG_ENABLE_MODULES = YES;
				CLANG_ENABLE_OBJC_ARC = YES;
				CLANG_ENABLE_OBJC_WEAK = YES;
				CLANG_WARN_BLOCK_CAPTURE_AUTORELEASING = YES;
				CLANG_WARN_BOOL_CONVERSION = YES;
				CLANG_WARN_COMMA = YES;
				CLANG_WARN_CONSTANT_CONVERSION = YES;
				CLANG_WARN_DEPRECATED_OBJC_IMPLEMENTATIONS = YES;
				CLANG_WARN_DIRECT_OBJC_ISA_USAGE = YES_ERROR;
				CLANG_WARN_DOCUMENTATION_COMMENTS = YES;
				CLANG_WARN_EMPTY_BODY = YES;
				CLANG_WARN_ENUM_CONVERSION = YES;
				CLANG_WARN_INFINITE_RECURSION = YES;
				CLANG_WARN_INT_CONVERSION = YES;
				CLANG_WARN_NON_LITERAL_NULL_CONVERSION = YES;
				CLANG_WARN_OBJC_IMPLICIT_RETAIN_SELF = YES;
				CLANG_WARN_OBJC_LITERAL_CONVERSION = YES;
				CLANG_WARN_OBJC_ROOT_CLASS = YES_ERROR;
				CLANG_WARN_QUOTED_INCLUDE_IN_FRAMEWORK_HEADER = YES;
				CLANG_WARN_RANGE_LOOP_ANALYSIS = YES;
				CLANG_WARN_STRICT_PROTOTYPES = YES;
				CLANG_WARN_SUSPICIOUS_MOVE = YES;
				CLANG_WARN_UNGUARDED_AVAILABILITY = YES_AGGRESSIVE;
				CLANG_WARN_UNREACHABLE_CODE = YES;
				CLANG_WARN__DUPLICATE_METHOD_MATCH = YES;
				COPY_PHASE_STRIP = NO;
				DEBUG_INFORMATION_FORMAT = dwarf;
				ENABLE_STRICT_OBJC_MSGSEND = YES;
				ENABLE_TESTABILITY = YES;
				ENABLE_USER_SCRIPT_SANDBOXING = YES;
				GCC_C_LANGUAGE_STANDARD = gnu17;
				GCC_DYNAMIC_NO_PIC = NO;
				GCC_NO_COMMON_BLOCKS = YES;
				GCC_OPTIMIZATION_LEVEL = 0;
				GCC_PREPROCESSOR_DEFINITIONS = (
					"DEBUG=1",
					"$(inherited)",
				);
				GCC_WARN_64_TO_32_BIT_CONVERSION = YES;
				GCC_WARN_ABOUT_RETURN_TYPE = YES_ERROR;
				GCC_WARN_UNDECLARED_SELECTOR = YES;
				GCC_WARN_UNINITIALIZED_AUTOS = YES_AGGRESSIVE;
				GCC_WARN_UNUSED_FUNCTION = YES;
				GCC_WARN_UNUSED_VARIABLE = YES;
				LOCALIZATION_PREFERS_STRING_CATALOGS = YES;
				MACOSX_DEPLOYMENT_TARGET = 14.0;
				MTL_ENABLE_DEBUG_INFO = INCLUDE_SOURCE;
				MTL_FAST_MATH = YES;
				ONLY_ACTIVE_ARCH = YES;
				SDKROOT = macosx;
			};
			name = Debug;
		};
		ED8CC5352B1A3801009F4986 /* Release */ = {
			isa = XCBuildConfiguration;
			buildSettings = {
				ALWAYS_SEARCH_USER_PATHS = NO;
				ASSETCATALOG_COMPILER_GENERATE_SWIFT_ASSET_SYMBOL_EXTENSIONS = YES;
				CLANG_ANALYZER_NONNULL = YES;
				CLANG_ANALYZER_NUMBER_OBJECT_CONVERSION = YES_AGGRESSIVE;
				CLANG_CXX_LANGUAGE_STANDARD = "gnu++20";
				CLANG_ENABLE_MODULES = YES;
				CLANG_ENABLE_OBJC_ARC = YES;
				CLANG_ENABLE_OBJC_WEAK = YES;
				CLANG_WARN_BLOCK_CAPTURE_AUTORELEASING = YES;
				CLANG_WARN_BOOL_CONVERSION = YES;
				CLANG_WARN_COMMA = YES;
				CLANG_WARN_CONSTANT_CONVERSION = YES;
				CLANG_WARN_DEPRECATED_OBJC_IMPLEMENTATIONS = YES;
				CLANG_WARN_DIRECT_OBJC_ISA_USAGE = YES_ERROR;
				CLANG_WARN_DOCUMENTATION_COMMENTS = YES;
				CLANG_WARN_EMPTY_BODY = YES;
				CLANG_WARN_ENUM_CONVERSION = YES;
				CLANG_WARN_INFINITE_RECURSION = YES;
				CLANG_WARN_INT_CONVERSION = YES;
				CLANG_WARN_NON_LITERAL_NULL_CONVERSION = YES;
				CLANG_WARN_OBJC_IMPLICIT_RETAIN_SELF = YES;
				CLANG_WARN_OBJC_LITERAL_CONVERSION = YES;
				CLANG_WARN_OBJC_ROOT_CLASS = YES_ERROR;
				CLANG_WARN_QUOTED_INCLUDE_IN_FRAMEWORK_HEADER = YES;
				CLANG_WARN_RANGE_LOOP_ANALYSIS = YES;
				CLANG_WARN_STRICT_PROTOTYPES = YES;
				CLANG_WARN_SUSPICIOUS_MOVE = YES;
				CLANG_WARN_UNGUARDED_AVAILABILITY = YES_AGGRESSIVE;
				CLANG_WARN_UNREACHABLE_CODE = YES;
				CLANG_WARN__DUPLICATE_METHOD_MATCH = YES;
				COPY_PHASE_STRIP = NO;
				DEBUG_INFORMATION_FORMAT = "dwarf-with-dsym";
				ENABLE_NS_ASSERTIONS = NO;
				ENABLE_STRICT_OBJC_MSGSEND = YES;
				ENABLE_USER_SCRIPT_SANDBOXING = YES;
				GCC_C_LANGUAGE_STANDARD = gnu17;
				GCC_NO_COMMON_BLOCKS = YES;
				GCC_WARN_64_TO_32_BIT_CONVERSION = YES;
				GCC_WARN_ABOUT_RETURN_TYPE = YES_ERROR;
				GCC_WARN_UNDECLARED_SELECTOR = YES;
				GCC_WARN_UNINITIALIZED_AUTOS = YES_AGGRESSIVE;
				GCC_WARN_UNUSED_FUNCTION = YES;
				GCC_WARN_UNUSED_VARIABLE = YES;
				LOCALIZATION_PREFERS_STRING_CATALOGS = YES;
				MACOSX_DEPLOYMENT_TARGET = 14.0;
				MTL_ENABLE_DEBUG_INFO = NO;
				MTL_FAST_MATH = YES;
				SDKROOT = macosx;
			};
			name = Release;
		};
		ED8CC54C2B1A3979009F4986 /* Debug */ = {
			isa = XCBuildConfiguration;
			buildSettings = {
				CODE_SIGN_STYLE = Automatic;
				DEVELOPMENT_TEAM = CMJKLHJ4YC;
				ENABLE_HARDENED_RUNTIME = YES;
				PRODUCT_NAME = "$(TARGET_NAME)";
			};
			name = Debug;
		};
		ED8CC54D2B1A3979009F4986 /* Release */ = {
			isa = XCBuildConfiguration;
			buildSettings = {
				CODE_SIGN_STYLE = Automatic;
				DEVELOPMENT_TEAM = CMJKLHJ4YC;
				ENABLE_HARDENED_RUNTIME = YES;
				PRODUCT_NAME = "$(TARGET_NAME)";
			};
			name = Release;
		};
		ED8CC5582B1A4AB3009F4986 /* Debug */ = {
			isa = XCBuildConfiguration;
			buildSettings = {
				CODE_SIGN_STYLE = Automatic;
				CURRENT_PROJECT_VERSION = 1;
				DEVELOPMENT_TEAM = CMJKLHJ4YC;
				GENERATE_INFOPLIST_FILE = YES;
				MARKETING_VERSION = 1.0;
				PRODUCT_BUNDLE_IDENTIFIER = "com.bryanoltman.-1-tests";
				PRODUCT_NAME = "$(TARGET_NAME)";
				SWIFT_EMIT_LOC_STRINGS = NO;
			};
			name = Debug;
		};
		ED8CC5592B1A4AB3009F4986 /* Release */ = {
			isa = XCBuildConfiguration;
			buildSettings = {
				CODE_SIGN_STYLE = Automatic;
				CURRENT_PROJECT_VERSION = 1;
				DEVELOPMENT_TEAM = CMJKLHJ4YC;
				GENERATE_INFOPLIST_FILE = YES;
				MARKETING_VERSION = 1.0;
				PRODUCT_BUNDLE_IDENTIFIER = "com.bryanoltman.-1-tests";
				PRODUCT_NAME = "$(TARGET_NAME)";
				SWIFT_EMIT_LOC_STRINGS = NO;
			};
			name = Release;
		};
/* End XCBuildConfiguration section */

/* Begin XCConfigurationList section */
		ED8CC52A2B1A3801009F4986 /* Build configuration list for PBXProject "2023" */ = {
			isa = XCConfigurationList;
			buildConfigurations = (
				ED8CC5342B1A3801009F4986 /* Debug */,
				ED8CC5352B1A3801009F4986 /* Release */,
			);
			defaultConfigurationIsVisible = 0;
			defaultConfigurationName = Release;
		};
		ED8CC54E2B1A3979009F4986 /* Build configuration list for PBXNativeTarget "01" */ = {
			isa = XCConfigurationList;
			buildConfigurations = (
				ED8CC54C2B1A3979009F4986 /* Debug */,
				ED8CC54D2B1A3979009F4986 /* Release */,
			);
			defaultConfigurationIsVisible = 0;
			defaultConfigurationName = Release;
		};
		ED8CC5572B1A4AB3009F4986 /* Build configuration list for PBXNativeTarget "01-tests" */ = {
			isa = XCConfigurationList;
			buildConfigurations = (
				ED8CC5582B1A4AB3009F4986 /* Debug */,
				ED8CC5592B1A4AB3009F4986 /* Release */,
			);
			defaultConfigurationIsVisible = 0;
			defaultConfigurationName = Release;
		};
/* End XCConfigurationList section */
	};
	rootObject = ED8CC5272B1A3801009F4986 /* Project object */;
}
