// !$*UTF8*$!
{
	archiveVersion = 1;
	classes = {
	};
	objectVersion = 77;
	objects = {

/* Begin PBXBuildFile section */
		ED0FC10D2EE7C8E500E15C2B /* AdventOfCode.framework in Frameworks */ = {isa = PBXBuildFile; fileRef = ED0FC1012EE7C8E500E15C2B /* AdventOfCode.framework */; };
		ED46012B2EE8865700733916 /* AdventOfCode.framework in Frameworks */ = {isa = PBXBuildFile; fileRef = ED0FC1012EE7C8E500E15C2B /* AdventOfCode.framework */; };
		ED46012C2EE8865700733916 /* AdventOfCode.framework in Embed Frameworks */ = {isa = PBXBuildFile; fileRef = ED0FC1012EE7C8E500E15C2B /* AdventOfCode.framework */; settings = {ATTRIBUTES = (CodeSignOnCopy, RemoveHeadersOnCopy, ); }; };
		ED46013A2EE887AD00733916 /* 09.txt in Resources */ = {isa = PBXBuildFile; fileRef = ED4601382EE887AD00733916 /* 09.txt */; };
		ED46013B2EE887AD00733916 /* 03.txt in Resources */ = {isa = PBXBuildFile; fileRef = ED4601322EE887AD00733916 /* 03.txt */; };
		ED46013C2EE887AD00733916 /* 08.txt in Resources */ = {isa = PBXBuildFile; fileRef = ED4601372EE887AD00733916 /* 08.txt */; };
		ED46013D2EE887AD00733916 /* 04.txt in Resources */ = {isa = PBXBuildFile; fileRef = ED4601332EE887AD00733916 /* 04.txt */; };
		ED46013E2EE887AD00733916 /* 05.txt in Resources */ = {isa = PBXBuildFile; fileRef = ED4601342EE887AD00733916 /* 05.txt */; };
		ED46013F2EE887AD00733916 /* 06.txt in Resources */ = {isa = PBXBuildFile; fileRef = ED4601352EE887AD00733916 /* 06.txt */; };
		ED4601402EE887AD00733916 /* 01.txt in Resources */ = {isa = PBXBuildFile; fileRef = ED4601302EE887AD00733916 /* 01.txt */; };
		ED4601412EE887AD00733916 /* 02.txt in Resources */ = {isa = PBXBuildFile; fileRef = ED4601312EE887AD00733916 /* 02.txt */; };
		ED4601422EE887AD00733916 /* 07.txt in Resources */ = {isa = PBXBuildFile; fileRef = ED4601362EE887AD00733916 /* 07.txt */; };
/* End PBXBuildFile section */

/* Begin PBXContainerItemProxy section */
		ED0FC10E2EE7C8E500E15C2B /* PBXContainerItemProxy */ = {
			isa = PBXContainerItemProxy;
			containerPortal = ED0FC0F82EE7C8E400E15C2B /* Project object */;
			proxyType = 1;
			remoteGlobalIDString = ED0FC1002EE7C8E500E15C2B;
			remoteInfo = AdventOfCode;
		};
		ED46012D2EE8865700733916 /* PBXContainerItemProxy */ = {
			isa = PBXContainerItemProxy;
			containerPortal = ED0FC0F82EE7C8E400E15C2B /* Project object */;
			proxyType = 1;
			remoteGlobalIDString = ED0FC1002EE7C8E500E15C2B;
			remoteInfo = AdventOfCode;
		};
/* End PBXContainerItemProxy section */

/* Begin PBXCopyFilesBuildPhase section */
		ED4601212EE8864B00733916 /* CopyFiles */ = {
			isa = PBXCopyFilesBuildPhase;
			buildActionMask = 2147483647;
			dstPath = /usr/share/man/man1/;
			dstSubfolderSpec = 0;
			files = (
			);
			runOnlyForDeploymentPostprocessing = 1;
		};
		ED46012F2EE8865700733916 /* Embed Frameworks */ = {
			isa = PBXCopyFilesBuildPhase;
			buildActionMask = 2147483647;
			dstPath = "";
			dstSubfolderSpec = 10;
			files = (
				ED46012C2EE8865700733916 /* AdventOfCode.framework in Embed Frameworks */,
			);
			name = "Embed Frameworks";
			runOnlyForDeploymentPostprocessing = 0;
		};
/* End PBXCopyFilesBuildPhase section */

/* Begin PBXFileReference section */
		ED0FC1012EE7C8E500E15C2B /* AdventOfCode.framework */ = {isa = PBXFileReference; explicitFileType = wrapper.framework; includeInIndex = 0; path = AdventOfCode.framework; sourceTree = BUILT_PRODUCTS_DIR; };
		ED0FC10C2EE7C8E500E15C2B /* AdventOfCodeTests.xctest */ = {isa = PBXFileReference; explicitFileType = wrapper.cfbundle; includeInIndex = 0; path = AdventOfCodeTests.xctest; sourceTree = BUILT_PRODUCTS_DIR; };
		ED4601232EE8864B00733916 /* AocCli */ = {isa = PBXFileReference; explicitFileType = "compiled.mach-o.executable"; includeInIndex = 0; path = AocCli; sourceTree = BUILT_PRODUCTS_DIR; };
		ED4601302EE887AD00733916 /* 01.txt */ = {isa = PBXFileReference; lastKnownFileType = text; path = 01.txt; sourceTree = "<group>"; };
		ED4601312EE887AD00733916 /* 02.txt */ = {isa = PBXFileReference; lastKnownFileType = text; path = 02.txt; sourceTree = "<group>"; };
		ED4601322EE887AD00733916 /* 03.txt */ = {isa = PBXFileReference; lastKnownFileType = text; path = 03.txt; sourceTree = "<group>"; };
		ED4601332EE887AD00733916 /* 04.txt */ = {isa = PBXFileReference; lastKnownFileType = text; path = 04.txt; sourceTree = "<group>"; };
		ED4601342EE887AD00733916 /* 05.txt */ = {isa = PBXFileReference; lastKnownFileType = text; path = 05.txt; sourceTree = "<group>"; };
		ED4601352EE887AD00733916 /* 06.txt */ = {isa = PBXFileReference; lastKnownFileType = text; path = 06.txt; sourceTree = "<group>"; };
		ED4601362EE887AD00733916 /* 07.txt */ = {isa = PBXFileReference; lastKnownFileType = text; path = 07.txt; sourceTree = "<group>"; };
		ED4601372EE887AD00733916 /* 08.txt */ = {isa = PBXFileReference; lastKnownFileType = text; path = 08.txt; sourceTree = "<group>"; };
		ED4601382EE887AD00733916 /* 09.txt */ = {isa = PBXFileReference; lastKnownFileType = text; path = 09.txt; sourceTree = "<group>"; };
/* End PBXFileReference section */

/* Begin PBXFileSystemSynchronizedRootGroup section */
		ED0FC1032EE7C8E500E15C2B /* AdventOfCode */ = {
			isa = PBXFileSystemSynchronizedRootGroup;
			path = AdventOfCode;
			sourceTree = "<group>";
		};
		ED0FC1102EE7C8E500E15C2B /* AdventOfCodeTests */ = {
			isa = PBXFileSystemSynchronizedRootGroup;
			path = AdventOfCodeTests;
			sourceTree = "<group>";
		};
		ED4601242EE8864B00733916 /* AocCli */ = {
			isa = PBXFileSystemSynchronizedRootGroup;
			path = AocCli;
			sourceTree = "<group>";
		};
/* End PBXFileSystemSynchronizedRootGroup section */

/* Begin PBXFrameworksBuildPhase section */
		ED0FC0FE2EE7C8E500E15C2B /* Frameworks */ = {
			isa = PBXFrameworksBuildPhase;
			buildActionMask = 2147483647;
			files = (
			);
			runOnlyForDeploymentPostprocessing = 0;
		};
		ED0FC1092EE7C8E500E15C2B /* Frameworks */ = {
			isa = PBXFrameworksBuildPhase;
			buildActionMask = 2147483647;
			files = (
				ED0FC10D2EE7C8E500E15C2B /* AdventOfCode.framework in Frameworks */,
			);
			runOnlyForDeploymentPostprocessing = 0;
		};
		ED4601202EE8864B00733916 /* Frameworks */ = {
			isa = PBXFrameworksBuildPhase;
			buildActionMask = 2147483647;
			files = (
				ED46012B2EE8865700733916 /* AdventOfCode.framework in Frameworks */,
			);
			runOnlyForDeploymentPostprocessing = 0;
		};
/* End PBXFrameworksBuildPhase section */

/* Begin PBXGroup section */
		ED0FC0F72EE7C8E400E15C2B = {
			isa = PBXGroup;
			children = (
				ED4601392EE887AD00733916 /* data */,
				ED0FC1032EE7C8E500E15C2B /* AdventOfCode */,
				ED0FC1102EE7C8E500E15C2B /* AdventOfCodeTests */,
				ED4601242EE8864B00733916 /* AocCli */,
				ED46012A2EE8865700733916 /* Frameworks */,
				ED0FC1022EE7C8E500E15C2B /* Products */,
			);
			sourceTree = "<group>";
		};
		ED0FC1022EE7C8E500E15C2B /* Products */ = {
			isa = PBXGroup;
			children = (
				ED0FC1012EE7C8E500E15C2B /* AdventOfCode.framework */,
				ED0FC10C2EE7C8E500E15C2B /* AdventOfCodeTests.xctest */,
				ED4601232EE8864B00733916 /* AocCli */,
			);
			name = Products;
			sourceTree = "<group>";
		};
		ED46012A2EE8865700733916 /* Frameworks */ = {
			isa = PBXGroup;
			children = (
			);
			name = Frameworks;
			sourceTree = "<group>";
		};
		ED4601392EE887AD00733916 /* data */ = {
			isa = PBXGroup;
			children = (
				ED4601302EE887AD00733916 /* 01.txt */,
				ED4601312EE887AD00733916 /* 02.txt */,
				ED4601322EE887AD00733916 /* 03.txt */,
				ED4601332EE887AD00733916 /* 04.txt */,
				ED4601342EE887AD00733916 /* 05.txt */,
				ED4601352EE887AD00733916 /* 06.txt */,
				ED4601362EE887AD00733916 /* 07.txt */,
				ED4601372EE887AD00733916 /* 08.txt */,
				ED4601382EE887AD00733916 /* 09.txt */,
			);
			name = data;
			path = ../data;
			sourceTree = SOURCE_ROOT;
		};
/* End PBXGroup section */

/* Begin PBXHeadersBuildPhase section */
		ED0FC0FC2EE7C8E500E15C2B /* Headers */ = {
			isa = PBXHeadersBuildPhase;
			buildActionMask = 2147483647;
			files = (
			);
			runOnlyForDeploymentPostprocessing = 0;
		};
/* End PBXHeadersBuildPhase section */

/* Begin PBXNativeTarget section */
		ED0FC1002EE7C8E500E15C2B /* AdventOfCode */ = {
			isa = PBXNativeTarget;
			buildConfigurationList = ED0FC1152EE7C8E500E15C2B /* Build configuration list for PBXNativeTarget "AdventOfCode" */;
			buildPhases = (
				ED0FC0FC2EE7C8E500E15C2B /* Headers */,
				ED0FC0FD2EE7C8E500E15C2B /* Sources */,
				ED0FC0FE2EE7C8E500E15C2B /* Frameworks */,
				ED0FC0FF2EE7C8E500E15C2B /* Resources */,
			);
			buildRules = (
			);
			dependencies = (
			);
			fileSystemSynchronizedGroups = (
				ED0FC1032EE7C8E500E15C2B /* AdventOfCode */,
			);
			name = AdventOfCode;
			packageProductDependencies = (
			);
			productName = AdventOfCode;
			productReference = ED0FC1012EE7C8E500E15C2B /* AdventOfCode.framework */;
			productType = "com.apple.product-type.framework";
		};
		ED0FC10B2EE7C8E500E15C2B /* AdventOfCodeTests */ = {
			isa = PBXNativeTarget;
			buildConfigurationList = ED0FC1182EE7C8E500E15C2B /* Build configuration list for PBXNativeTarget "AdventOfCodeTests" */;
			buildPhases = (
				ED0FC1082EE7C8E500E15C2B /* Sources */,
				ED0FC1092EE7C8E500E15C2B /* Frameworks */,
				ED0FC10A2EE7C8E500E15C2B /* Resources */,
			);
			buildRules = (
			);
			dependencies = (
				ED0FC10F2EE7C8E500E15C2B /* PBXTargetDependency */,
			);
			fileSystemSynchronizedGroups = (
				ED0FC1102EE7C8E500E15C2B /* AdventOfCodeTests */,
			);
			name = AdventOfCodeTests;
			packageProductDependencies = (
			);
			productName = AdventOfCodeTests;
			productReference = ED0FC10C2EE7C8E500E15C2B /* AdventOfCodeTests.xctest */;
			productType = "com.apple.product-type.bundle.unit-test";
		};
		ED4601222EE8864B00733916 /* AocCli */ = {
			isa = PBXNativeTarget;
			buildConfigurationList = ED4601292EE8864B00733916 /* Build configuration list for PBXNativeTarget "AocCli" */;
			buildPhases = (
				ED46011F2EE8864B00733916 /* Sources */,
				ED4601202EE8864B00733916 /* Frameworks */,
				ED4601212EE8864B00733916 /* CopyFiles */,
				ED46012F2EE8865700733916 /* Embed Frameworks */,
			);
			buildRules = (
			);
			dependencies = (
				ED46012E2EE8865700733916 /* PBXTargetDependency */,
			);
			fileSystemSynchronizedGroups = (
				ED4601242EE8864B00733916 /* AocCli */,
			);
			name = AocCli;
			packageProductDependencies = (
			);
			productName = AocCli;
			productReference = ED4601232EE8864B00733916 /* AocCli */;
			productType = "com.apple.product-type.tool";
		};
/* End PBXNativeTarget section */

/* Begin PBXProject section */
		ED0FC0F82EE7C8E400E15C2B /* Project object */ = {
			isa = PBXProject;
			attributes = {
				BuildIndependentTargetsInParallel = 1;
				LastSwiftUpdateCheck = 2610;
				LastUpgradeCheck = 2610;
				TargetAttributes = {
					ED0FC1002EE7C8E500E15C2B = {
						CreatedOnToolsVersion = 26.1.1;
					};
					ED0FC10B2EE7C8E500E15C2B = {
						CreatedOnToolsVersion = 26.1.1;
					};
					ED4601222EE8864B00733916 = {
						CreatedOnToolsVersion = 26.1.1;
					};
				};
			};
			buildConfigurationList = ED0FC0FB2EE7C8E400E15C2B /* Build configuration list for PBXProject "AdventOfCode" */;
			developmentRegion = en;
			hasScannedForEncodings = 0;
			knownRegions = (
				en,
				Base,
			);
			mainGroup = ED0FC0F72EE7C8E400E15C2B;
			minimizedProjectReferenceProxies = 1;
			preferredProjectObjectVersion = 77;
			productRefGroup = ED0FC1022EE7C8E500E15C2B /* Products */;
			projectDirPath = "";
			projectRoot = "";
			targets = (
				ED0FC1002EE7C8E500E15C2B /* AdventOfCode */,
				ED0FC10B2EE7C8E500E15C2B /* AdventOfCodeTests */,
				ED4601222EE8864B00733916 /* AocCli */,
			);
		};
/* End PBXProject section */

/* Begin PBXResourcesBuildPhase section */
		ED0FC0FF2EE7C8E500E15C2B /* Resources */ = {
			isa = PBXResourcesBuildPhase;
			buildActionMask = 2147483647;
			files = (
				ED46013A2EE887AD00733916 /* 09.txt in Resources */,
				ED46013B2EE887AD00733916 /* 03.txt in Resources */,
				ED46013C2EE887AD00733916 /* 08.txt in Resources */,
				ED46013D2EE887AD00733916 /* 04.txt in Resources */,
				ED46013E2EE887AD00733916 /* 05.txt in Resources */,
				ED46013F2EE887AD00733916 /* 06.txt in Resources */,
				ED4601402EE887AD00733916 /* 01.txt in Resources */,
				ED4601412EE887AD00733916 /* 02.txt in Resources */,
				ED4601422EE887AD00733916 /* 07.txt in Resources */,
			);
			runOnlyForDeploymentPostprocessing = 0;
		};
		ED0FC10A2EE7C8E500E15C2B /* Resources */ = {
			isa = PBXResourcesBuildPhase;
			buildActionMask = 2147483647;
			files = (
			);
			runOnlyForDeploymentPostprocessing = 0;
		};
/* End PBXResourcesBuildPhase section */

/* Begin PBXSourcesBuildPhase section */
		ED0FC0FD2EE7C8E500E15C2B /* Sources */ = {
			isa = PBXSourcesBuildPhase;
			buildActionMask = 2147483647;
			files = (
			);
			runOnlyForDeploymentPostprocessing = 0;
		};
		ED0FC1082EE7C8E500E15C2B /* Sources */ = {
			isa = PBXSourcesBuildPhase;
			buildActionMask = 2147483647;
			files = (
			);
			runOnlyForDeploymentPostprocessing = 0;
		};
		ED46011F2EE8864B00733916 /* Sources */ = {
			isa = PBXSourcesBuildPhase;
			buildActionMask = 2147483647;
			files = (
			);
			runOnlyForDeploymentPostprocessing = 0;
		};
/* End PBXSourcesBuildPhase section */

/* Begin PBXTargetDependency section */
		ED0FC10F2EE7C8E500E15C2B /* PBXTargetDependency */ = {
			isa = PBXTargetDependency;
			target = ED0FC1002EE7C8E500E15C2B /* AdventOfCode */;
			targetProxy = ED0FC10E2EE7C8E500E15C2B /* PBXContainerItemProxy */;
		};
		ED46012E2EE8865700733916 /* PBXTargetDependency */ = {
			isa = PBXTargetDependency;
			target = ED0FC1002EE7C8E500E15C2B /* AdventOfCode */;
			targetProxy = ED46012D2EE8865700733916 /* PBXContainerItemProxy */;
		};
/* End PBXTargetDependency section */

/* Begin XCBuildConfiguration section */
		ED0FC1132EE7C8E500E15C2B /* Debug */ = {
			isa = XCBuildConfiguration;
			buildSettings = {
				ALWAYS_SEARCH_USER_PATHS = NO;
				ASSETCATALOG_COMPILER_GENERATE_SWIFT_ASSET_SYMBOL_EXTENSIONS = YES;
				CLANG_ANALYZER_NONNULL = YES;
				CLANG_ANALYZER_NUMBER_OBJECT_CONVERSION = YES_AGGRESSIVE;
				CLANG_CXX_LANGUAGE_STANDARD = "gnu++20";
				CLANG_ENABLE_MODULES = YES;
				CLANG_ENABLE_OBJC_ARC = YES;
				CLANG_ENABLE_OBJC_WEAK = YES;
				CLANG_WARN_BLOCK_CAPTURE_AUTORELEASING = YES;
				CLANG_WARN_BOOL_CONVERSION = YES;
				CLANG_WARN_COMMA = YES;
				CLANG_WARN_CONSTANT_CONVERSION = YES;
				CLANG_WARN_DEPRECATED_OBJC_IMPLEMENTATIONS = YES;
				CLANG_WARN_DIRECT_OBJC_ISA_USAGE = YES_ERROR;
				CLANG_WARN_DOCUMENTATION_COMMENTS = YES;
				CLANG_WARN_EMPTY_BODY = YES;
				CLANG_WARN_ENUM_CONVERSION = YES;
				CLANG_WARN_INFINITE_RECURSION = YES;
				CLANG_WARN_INT_CONVERSION = YES;
				CLANG_WARN_NON_LITERAL_NULL_CONVERSION = YES;
				CLANG_WARN_OBJC_IMPLICIT_RETAIN_SELF = YES;
				CLANG_WARN_OBJC_LITERAL_CONVERSION = YES;
				CLANG_WARN_OBJC_ROOT_CLASS = YES_ERROR;
				CLANG_WARN_QUOTED_INCLUDE_IN_FRAMEWORK_HEADER = YES;
				CLANG_WARN_RANGE_LOOP_ANALYSIS = YES;
				CLANG_WARN_STRICT_PROTOTYPES = YES;
				CLANG_WARN_SUSPICIOUS_MOVE = YES;
				CLANG_WARN_UNGUARDED_AVAILABILITY = YES_AGGRESSIVE;
				CLANG_WARN_UNREACHABLE_CODE = YES;
				CLANG_WARN__DUPLICATE_METHOD_MATCH = YES;
				COPY_PHASE_STRIP = NO;
				CURRENT_PROJECT_VERSION = 1;
				DEBUG_INFORMATION_FORMAT = dwarf;
				DEVELOPMENT_TEAM = CMJKLHJ4YC;
				ENABLE_STRICT_OBJC_MSGSEND = YES;
				ENABLE_TESTABILITY = YES;
				ENABLE_USER_SCRIPT_SANDBOXING = YES;
				GCC_C_LANGUAGE_STANDARD = gnu17;
				GCC_DYNAMIC_NO_PIC = NO;
				GCC_NO_COMMON_BLOCKS = YES;
				GCC_OPTIMIZATION_LEVEL = 0;
				GCC_PREPROCESSOR_DEFINITIONS = (
					"DEBUG=1",
					"$(inherited)",
				);
				GCC_WARN_64_TO_32_BIT_CONVERSION = YES;
				GCC_WARN_ABOUT_RETURN_TYPE = YES_ERROR;
				GCC_WARN_UNDECLARED_SELECTOR = YES;
				GCC_WARN_UNINITIALIZED_AUTOS = YES_AGGRESSIVE;
				GCC_WARN_UNUSED_FUNCTION = YES;
				GCC_WARN_UNUSED_VARIABLE = YES;
				LOCALIZATION_PREFERS_STRING_CATALOGS = YES;
				MACOSX_DEPLOYMENT_TARGET = 26.1;
				MTL_ENABLE_DEBUG_INFO = INCLUDE_SOURCE;
				MTL_FAST_MATH = YES;
				ONLY_ACTIVE_ARCH = YES;
				SDKROOT = macosx;
				SWIFT_ACTIVE_COMPILATION_CONDITIONS = "DEBUG $(inherited)";
				SWIFT_OPTIMIZATION_LEVEL = "-Onone";
				VERSIONING_SYSTEM = "apple-generic";
				VERSION_INFO_PREFIX = "";
			};
			name = Debug;
		};
		ED0FC1142EE7C8E500E15C2B /* Release */ = {
			isa = XCBuildConfiguration;
			buildSettings = {
				ALWAYS_SEARCH_USER_PATHS = NO;
				ASSETCATALOG_COMPILER_GENERATE_SWIFT_ASSET_SYMBOL_EXTENSIONS = YES;
				CLANG_ANALYZER_NONNULL = YES;
				CLANG_ANALYZER_NUMBER_OBJECT_CONVERSION = YES_AGGRESSIVE;
				CLANG_CXX_LANGUAGE_STANDARD = "gnu++20";
				CLANG_ENABLE_MODULES = YES;
				CLANG_ENABLE_OBJC_ARC = YES;
				CLANG_ENABLE_OBJC_WEAK = YES;
				CLANG_WARN_BLOCK_CAPTURE_AUTORELEASING = YES;
				CLANG_WARN_BOOL_CONVERSION = YES;
				CLANG_WARN_COMMA = YES;
				CLANG_WARN_CONSTANT_CONVERSION = YES;
				CLANG_WARN_DEPRECATED_OBJC_IMPLEMENTATIONS = YES;
				CLANG_WARN_DIRECT_OBJC_ISA_USAGE = YES_ERROR;
				CLANG_WARN_DOCUMENTATION_COMMENTS = YES;
				CLANG_WARN_EMPTY_BODY = YES;
				CLANG_WARN_ENUM_CONVERSION = YES;
				CLANG_WARN_INFINITE_RECURSION = YES;
				CLANG_WARN_INT_CONVERSION = YES;
				CLANG_WARN_NON_LITERAL_NULL_CONVERSION = YES;
				CLANG_WARN_OBJC_IMPLICIT_RETAIN_SELF = YES;
				CLANG_WARN_OBJC_LITERAL_CONVERSION = YES;
				CLANG_WARN_OBJC_ROOT_CLASS = YES_ERROR;
				CLANG_WARN_QUOTED_INCLUDE_IN_FRAMEWORK_HEADER = YES;
				CLANG_WARN_RANGE_LOOP_ANALYSIS = YES;
				CLANG_WARN_STRICT_PROTOTYPES = YES;
				CLANG_WARN_SUSPICIOUS_MOVE = YES;
				CLANG_WARN_UNGUARDED_AVAILABILITY = YES_AGGRESSIVE;
				CLANG_WARN_UNREACHABLE_CODE = YES;
				CLANG_WARN__DUPLICATE_METHOD_MATCH = YES;
				COPY_PHASE_STRIP = NO;
				CURRENT_PROJECT_VERSION = 1;
				DEBUG_INFORMATION_FORMAT = "dwarf-with-dsym";
				DEVELOPMENT_TEAM = CMJKLHJ4YC;
				ENABLE_NS_ASSERTIONS = NO;
				ENABLE_STRICT_OBJC_MSGSEND = YES;
				ENABLE_USER_SCRIPT_SANDBOXING = YES;
				GCC_C_LANGUAGE_STANDARD = gnu17;
				GCC_NO_COMMON_BLOCKS = YES;
				GCC_WARN_64_TO_32_BIT_CONVERSION = YES;
				GCC_WARN_ABOUT_RETURN_TYPE = YES_ERROR;
				GCC_WARN_UNDECLARED_SELECTOR = YES;
				GCC_WARN_UNINITIALIZED_AUTOS = YES_AGGRESSIVE;
				GCC_WARN_UNUSED_FUNCTION = YES;
				GCC_WARN_UNUSED_VARIABLE = YES;
				LOCALIZATION_PREFERS_STRING_CATALOGS = YES;
				MACOSX_DEPLOYMENT_TARGET = 26.1;
				MTL_ENABLE_DEBUG_INFO = NO;
				MTL_FAST_MATH = YES;
				SDKROOT = macosx;
				SWIFT_COMPILATION_MODE = wholemodule;
				VERSIONING_SYSTEM = "apple-generic";
				VERSION_INFO_PREFIX = "";
			};
			name = Release;
		};
		ED0FC1162EE7C8E500E15C2B /* Debug */ = {
			isa = XCBuildConfiguration;
			buildSettings = {
				BUILD_LIBRARY_FOR_DISTRIBUTION = YES;
				CODE_SIGN_STYLE = Automatic;
				COMBINE_HIDPI_IMAGES = YES;
				CURRENT_PROJECT_VERSION = 1;
				DEVELOPMENT_TEAM = 9422A6P5N6;
				DYLIB_COMPATIBILITY_VERSION = 1;
				DYLIB_CURRENT_VERSION = 1;
				DYLIB_INSTALL_NAME_BASE = "@rpath";
				ENABLE_MODULE_VERIFIER = YES;
				GENERATE_INFOPLIST_FILE = YES;
				INFOPLIST_KEY_NSHumanReadableCopyright = "";
				INSTALL_PATH = "$(LOCAL_LIBRARY_DIR)/Frameworks";
				LD_RUNPATH_SEARCH_PATHS = (
					"$(inherited)",
					"@executable_path/../Frameworks",
					"@loader_path/Frameworks",
				);
				MARKETING_VERSION = 1.0;
				MODULE_VERIFIER_SUPPORTED_LANGUAGES = "objective-c objective-c++";
				MODULE_VERIFIER_SUPPORTED_LANGUAGE_STANDARDS = "gnu17 gnu++20";
				PRODUCT_BUNDLE_IDENTIFIER = com.bryanoltman.AdventOfCode;
				PRODUCT_NAME = "$(TARGET_NAME:c99extidentifier)";
				SKIP_INSTALL = YES;
				STRING_CATALOG_GENERATE_SYMBOLS = YES;
				SWIFT_APPROACHABLE_CONCURRENCY = YES;
				SWIFT_EMIT_LOC_STRINGS = YES;
				SWIFT_INSTALL_MODULE = YES;
				SWIFT_INSTALL_OBJC_HEADER = NO;
				SWIFT_UPCOMING_FEATURE_MEMBER_IMPORT_VISIBILITY = YES;
				SWIFT_VERSION = 5.0;
			};
			name = Debug;
		};
		ED0FC1172EE7C8E500E15C2B /* Release */ = {
			isa = XCBuildConfiguration;
			buildSettings = {
				BUILD_LIBRARY_FOR_DISTRIBUTION = YES;
				CODE_SIGN_STYLE = Automatic;
				COMBINE_HIDPI_IMAGES = YES;
				CURRENT_PROJECT_VERSION = 1;
				DEVELOPMENT_TEAM = 9422A6P5N6;
				DYLIB_COMPATIBILITY_VERSION = 1;
				DYLIB_CURRENT_VERSION = 1;
				DYLIB_INSTALL_NAME_BASE = "@rpath";
				ENABLE_MODULE_VERIFIER = YES;
				GENERATE_INFOPLIST_FILE = YES;
				INFOPLIST_KEY_NSHumanReadableCopyright = "";
				INSTALL_PATH = "$(LOCAL_LIBRARY_DIR)/Frameworks";
				LD_RUNPATH_SEARCH_PATHS = (
					"$(inherited)",
					"@executable_path/../Frameworks",
					"@loader_path/Frameworks",
				);
				MARKETING_VERSION = 1.0;
				MODULE_VERIFIER_SUPPORTED_LANGUAGES = "objective-c objective-c++";
				MODULE_VERIFIER_SUPPORTED_LANGUAGE_STANDARDS = "gnu17 gnu++20";
				PRODUCT_BUNDLE_IDENTIFIER = com.bryanoltman.AdventOfCode;
				PRODUCT_NAME = "$(TARGET_NAME:c99extidentifier)";
				SKIP_INSTALL = YES;
				STRING_CATALOG_GENERATE_SYMBOLS = YES;
				SWIFT_APPROACHABLE_CONCURRENCY = YES;
				SWIFT_EMIT_LOC_STRINGS = YES;
				SWIFT_INSTALL_MODULE = YES;
				SWIFT_INSTALL_OBJC_HEADER = NO;
				SWIFT_UPCOMING_FEATURE_MEMBER_IMPORT_VISIBILITY = YES;
				SWIFT_VERSION = 5.0;
			};
			name = Release;
		};
		ED0FC1192EE7C8E500E15C2B /* Debug */ = {
			isa = XCBuildConfiguration;
			buildSettings = {
				CODE_SIGN_STYLE = Automatic;
				CURRENT_PROJECT_VERSION = 1;
				DEVELOPMENT_TEAM = 9422A6P5N6;
				GENERATE_INFOPLIST_FILE = YES;
				MARKETING_VERSION = 1.0;
				PRODUCT_BUNDLE_IDENTIFIER = com.bryanoltman.AdventOfCodeTests;
				PRODUCT_NAME = "$(TARGET_NAME)";
				STRING_CATALOG_GENERATE_SYMBOLS = NO;
				SWIFT_APPROACHABLE_CONCURRENCY = YES;
				SWIFT_EMIT_LOC_STRINGS = NO;
				SWIFT_UPCOMING_FEATURE_MEMBER_IMPORT_VISIBILITY = YES;
				SWIFT_VERSION = 5.0;
			};
			name = Debug;
		};
		ED0FC11A2EE7C8E500E15C2B /* Release */ = {
			isa = XCBuildConfiguration;
			buildSettings = {
				CODE_SIGN_STYLE = Automatic;
				CURRENT_PROJECT_VERSION = 1;
				DEVELOPMENT_TEAM = 9422A6P5N6;
				GENERATE_INFOPLIST_FILE = YES;
				MARKETING_VERSION = 1.0;
				PRODUCT_BUNDLE_IDENTIFIER = com.bryanoltman.AdventOfCodeTests;
				PRODUCT_NAME = "$(TARGET_NAME)";
				STRING_CATALOG_GENERATE_SYMBOLS = NO;
				SWIFT_APPROACHABLE_CONCURRENCY = YES;
				SWIFT_EMIT_LOC_STRINGS = NO;
				SWIFT_UPCOMING_FEATURE_MEMBER_IMPORT_VISIBILITY = YES;
				SWIFT_VERSION = 5.0;
			};
			name = Release;
		};
		ED4601272EE8864B00733916 /* Debug */ = {
			isa = XCBuildConfiguration;
			buildSettings = {
				CODE_SIGN_STYLE = Automatic;
				DEVELOPMENT_TEAM = 9422A6P5N6;
				ENABLE_HARDENED_RUNTIME = YES;
				PRODUCT_NAME = "$(TARGET_NAME)";
				SWIFT_APPROACHABLE_CONCURRENCY = YES;
				SWIFT_UPCOMING_FEATURE_MEMBER_IMPORT_VISIBILITY = YES;
				SWIFT_VERSION = 5.0;
			};
			name = Debug;
		};
		ED4601282EE8864B00733916 /* Release */ = {
			isa = XCBuildConfiguration;
			buildSettings = {
				CODE_SIGN_STYLE = Automatic;
				DEVELOPMENT_TEAM = 9422A6P5N6;
				ENABLE_HARDENED_RUNTIME = YES;
				PRODUCT_NAME = "$(TARGET_NAME)";
				SWIFT_APPROACHABLE_CONCURRENCY = YES;
				SWIFT_UPCOMING_FEATURE_MEMBER_IMPORT_VISIBILITY = YES;
				SWIFT_VERSION = 5.0;
			};
			name = Release;
		};
/* End XCBuildConfiguration section */

/* Begin XCConfigurationList section */
		ED0FC0FB2EE7C8E400E15C2B /* Build configuration list for PBXProject "AdventOfCode" */ = {
			isa = XCConfigurationList;
			buildConfigurations = (
				ED0FC1132EE7C8E500E15C2B /* Debug */,
				ED0FC1142EE7C8E500E15C2B /* Release */,
			);
			defaultConfigurationIsVisible = 0;
			defaultConfigurationName = Release;
		};
		ED0FC1152EE7C8E500E15C2B /* Build configuration list for PBXNativeTarget "AdventOfCode" */ = {
			isa = XCConfigurationList;
			buildConfigurations = (
				ED0FC1162EE7C8E500E15C2B /* Debug */,
				ED0FC1172EE7C8E500E15C2B /* Release */,
			);
			defaultConfigurationIsVisible = 0;
			defaultConfigurationName = Release;
		};
		ED0FC1182EE7C8E500E15C2B /* Build configuration list for PBXNativeTarget "AdventOfCodeTests" */ = {
			isa = XCConfigurationList;
			buildConfigurations = (
				ED0FC1192EE7C8E500E15C2B /* Debug */,
				ED0FC11A2EE7C8E500E15C2B /* Release */,
			);
			defaultConfigurationIsVisible = 0;
			defaultConfigurationName = Release;
		};
		ED4601292EE8864B00733916 /* Build configuration list for PBXNativeTarget "AocCli" */ = {
			isa = XCConfigurationList;
			buildConfigurations = (
				ED4601272EE8864B00733916 /* Debug */,
				ED4601282EE8864B00733916 /* Release */,
			);
			defaultConfigurationIsVisible = 0;
			defaultConfigurationName = Release;
		};
/* End XCConfigurationList section */
	};
	rootObject = ED0FC0F82EE7C8E400E15C2B /* Project object */;
}
